
Microsoft Visual Studio Solution File, Format Version 12.00
# Visual Studio 15
Project("{FAE04EC0-301F-11D3-BF4B-00C04F79EFBC}") = "UnityEngine.TestRunner", "UnityEngine.TestRunner.csproj", "{F12145A1-ED30-761A-F9DB-73AC73E84DE0}"
EndProject
Project("{FAE04EC0-301F-11D3-BF4B-00C04F79EFBC}") = "Unity.Mathematics", "Unity.Mathematics.csproj", "{3A3D0880-2B98-BAB3-FA02-9B82C5BF5485}"
EndProject
Project("{FAE04EC0-301F-11D3-BF4B-00C04F79EFBC}") = "Unity.2D.Animation.Triangle.Runtime", "Unity.2D.Animation.Triangle.Runtime.csproj", "{7113DB4A-0703-C0B3-22B1-72DC4C50AC03}"
EndProject
Project("{FAE04EC0-301F-11D3-BF4B-00C04F79EFBC}") = "Unity.Timeline", "Unity.Timeline.csproj", "{48A5A0F7-DFC8-2E36-73C6-A1CD6EAFE2AD}"
EndProject
Project("{FAE04EC0-301F-11D3-BF4B-00C04F79EFBC}") = "UnityEngine.UI", "UnityEngine.UI.csproj", "{418829C5-E263-EC90-00A9-68627B8BF746}"
EndProject
Project("{FAE04EC0-301F-11D3-BF4B-00C04F79EFBC}") = "Unity.TextMeshPro", "Unity.TextMeshPro.csproj", "{ECCE6BF1-DB31-AE3A-4373-01B15ED9E2AA}"
EndProject
Project("{FAE04EC0-301F-11D3-BF4B-00C04F79EFBC}") = "Unity.2D.Animation.Runtime", "Unity.2D.Animation.Runtime.csproj", "{C5D08A21-DC31-6C4C-9FDF-E728D341874E}"
EndProject
Project("{FAE04EC0-301F-11D3-BF4B-00C04F79EFBC}") = "Unity.2D.IK.Runtime", "Unity.2D.IK.Runtime.csproj", "{85D05731-1906-51A7-3B34-4E81150757A0}"
EndProject
Project("{FAE04EC0-301F-11D3-BF4B-00C04F79EFBC}") = "Unity.2D.SpriteShape.Runtime", "Unity.2D.SpriteShape.Runtime.csproj", "{2123C73D-DE15-6192-DB3E-39D35D39120C}"
EndProject
Project("{FAE04EC0-301F-11D3-BF4B-00C04F79EFBC}") = "Unity.2D.PixelPerfect", "Unity.2D.PixelPerfect.csproj", "{CA3B5E19-3EC7-42AE-E5A4-3586F847995C}"
EndProject
Project("{FAE04EC0-301F-11D3-BF4B-00C04F79EFBC}") = "Unity.2D.Common.Runtime", "Unity.2D.Common.Runtime.csproj", "{3A60C716-DD92-0156-67CF-75E1B693B975}"
EndProject
Project("{FAE04EC0-301F-11D3-BF4B-00C04F79EFBC}") = "Unity.InternalAPIEngineBridge.001", "Unity.InternalAPIEngineBridge.001.csproj", "{47C684D8-C1E3-6635-67EC-6FF2604EAF68}"
EndProject
Project("{FAE04EC0-301F-11D3-BF4B-00C04F79EFBC}") = "UnityEditor.TestRunner", "UnityEditor.TestRunner.csproj", "{CCCDCFD9-2F7C-53A3-3EDA-4CDCA0C249F5}"
EndProject
Project("{FAE04EC0-301F-11D3-BF4B-00C04F79EFBC}") = "Unity.PlasticSCM.Editor", "Unity.PlasticSCM.Editor.csproj", "{02C3F95A-35F9-5E2B-C328-8F9663C909A0}"
EndProject
Project("{FAE04EC0-301F-11D3-BF4B-00C04F79EFBC}") = "UnityEditor.UI", "UnityEditor.UI.csproj", "{9FD28FD2-3A04-214C-0E4E-5B1462AF44D9}"
EndProject
Project("{FAE04EC0-301F-11D3-BF4B-00C04F79EFBC}") = "Unity.Timeline.Editor", "Unity.Timeline.Editor.csproj", "{A12AD423-210E-B81C-2844-3F2BF93F7861}"
EndProject
Project("{FAE04EC0-301F-11D3-BF4B-00C04F79EFBC}") = "Unity.VisualStudio.Editor", "Unity.VisualStudio.Editor.csproj", "{C6775821-01F7-BB7D-9EBB-3056C4A88BB6}"
EndProject
Project("{FAE04EC0-301F-11D3-BF4B-00C04F79EFBC}") = "Unity.2D.Psdimporter.Editor", "Unity.2D.Psdimporter.Editor.csproj", "{D014E573-C48A-4643-6943-B1EB9241A8A7}"
EndProject
Project("{FAE04EC0-301F-11D3-BF4B-00C04F79EFBC}") = "Unity.2D.Animation.Editor", "Unity.2D.Animation.Editor.csproj", "{E0A26E8A-166B-7F64-9203-B80D92D6739E}"
EndProject
Project("{FAE04EC0-301F-11D3-BF4B-00C04F79EFBC}") = "Unity.TextMeshPro.Editor", "Unity.TextMeshPro.Editor.csproj", "{F470BC00-C8B1-18B7-127E-32D46DEDC275}"
EndProject
Project("{FAE04EC0-301F-11D3-BF4B-00C04F79EFBC}") = "Unity.2D.SpriteShape.Editor", "Unity.2D.SpriteShape.Editor.csproj", "{94D14999-8582-FB03-7B97-DA893D6956E2}"
EndProject
Project("{FAE04EC0-301F-11D3-BF4B-00C04F79EFBC}") = "Unity.CollabProxy.Editor", "Unity.CollabProxy.Editor.csproj", "{CB39B65E-A95F-35CD-F881-C11B3F242C40}"
EndProject
Project("{FAE04EC0-301F-11D3-BF4B-00C04F79EFBC}") = "PsdPlugin", "PsdPlugin.csproj", "{A942B9CD-778D-1630-FF34-B13538C67949}"
EndProject
Project("{FAE04EC0-301F-11D3-BF4B-00C04F79EFBC}") = "Unity.2D.Path.Editor", "Unity.2D.Path.Editor.csproj", "{9814A6CA-C25F-90EA-4039-457428C6E362}"
EndProject
Project("{FAE04EC0-301F-11D3-BF4B-00C04F79EFBC}") = "Unity.Rider.Editor", "Unity.Rider.Editor.csproj", "{F5EE28B6-E213-BE91-925B-A18F950B4485}"
EndProject
Project("{FAE04EC0-301F-11D3-BF4B-00C04F79EFBC}") = "Unity.2D.IK.Editor", "Unity.2D.IK.Editor.csproj", "{FB435692-F6F1-C756-1A13-38F8437AB801}"
EndProject
Project("{FAE04EC0-301F-11D3-BF4B-00C04F79EFBC}") = "Unity.2D.Sprite.Editor", "Unity.2D.Sprite.Editor.csproj", "{3AB9E46D-718B-24A0-6E89-0F35ABD35E36}"
EndProject
Project("{FAE04EC0-301F-11D3-BF4B-00C04F79EFBC}") = "Unity.2D.Tilemap.Editor", "Unity.2D.Tilemap.Editor.csproj", "{A15D257C-E4B2-E239-1566-19D3FC1DFA77}"
EndProject
Project("{FAE04EC0-301F-11D3-BF4B-00C04F79EFBC}") = "Unity.2D.PixelPerfect.Editor", "Unity.2D.PixelPerfect.Editor.csproj", "{0F7CA5FC-31E7-B9A6-204E-814884084165}"
EndProject
Project("{FAE04EC0-301F-11D3-BF4B-00C04F79EFBC}") = "Unity.VSCode.Editor", "Unity.VSCode.Editor.csproj", "{FA513E5A-9A6B-2BE6-B520-036693FAF53B}"
EndProject
Project("{FAE04EC0-301F-11D3-BF4B-00C04F79EFBC}") = "Unity.2D.Common.Editor", "Unity.2D.Common.Editor.csproj", "{39561F99-838B-B92B-8131-C0788F5D7661}"
EndProject
Project("{FAE04EC0-301F-11D3-BF4B-00C04F79EFBC}") = "Unity.Mathematics.Editor", "Unity.Mathematics.Editor.csproj", "{D24C5545-8F16-B9AF-549A-BDC2D6AA5B38}"
EndProject
Project("{FAE04EC0-301F-11D3-BF4B-00C04F79EFBC}") = "Unity.InternalAPIEditorBridge.001", "Unity.InternalAPIEditorBridge.001.csproj", "{1F40CF7E-DDD4-2213-BF6E-7EBC91BAF6D8}"
EndProject
Project("{FAE04EC0-301F-11D3-BF4B-00C04F79EFBC}") = "UnityEngine.TestRunner", "UnityEngine.TestRunner.Player.csproj", "{AD996DD7-DB72-26C6-CD66-3AB55BA264BA}"
EndProject
Project("{FAE04EC0-301F-11D3-BF4B-00C04F79EFBC}") = "Unity.Mathematics", "Unity.Mathematics.Player.csproj", "{8C304D17-B37F-A539-5B17-4FBE20870FFD}"
EndProject
Project("{FAE04EC0-301F-11D3-BF4B-00C04F79EFBC}") = "Unity.2D.Animation.Triangle.Runtime", "Unity.2D.Animation.Triangle.Runtime.Player.csproj", "{BC98AC09-5104-09AC-A1E4-D3150458672E}"
EndProject
Project("{FAE04EC0-301F-11D3-BF4B-00C04F79EFBC}") = "Unity.Timeline", "Unity.Timeline.Player.csproj", "{02849E9B-9F84-B219-8FE0-0FDB82D3AA42}"
EndProject
Project("{FAE04EC0-301F-11D3-BF4B-00C04F79EFBC}") = "UnityEngine.UI", "UnityEngine.UI.Player.csproj", "{9F92E5B7-9A40-43CD-BD94-79D5B7518786}"
EndProject
Project("{FAE04EC0-301F-11D3-BF4B-00C04F79EFBC}") = "Unity.TextMeshPro", "Unity.TextMeshPro.Player.csproj", "{9F24AB96-EEC6-1596-F3A9-8ED7FD7D440C}"
EndProject
Project("{FAE04EC0-301F-11D3-BF4B-00C04F79EFBC}") = "Unity.2D.Animation.Runtime", "Unity.2D.Animation.Runtime.Player.csproj", "{B789DE1D-1D5C-0C81-EF0D-C1408EF675D8}"
EndProject
Project("{FAE04EC0-301F-11D3-BF4B-00C04F79EFBC}") = "Unity.2D.IK.Runtime", "Unity.2D.IK.Runtime.Player.csproj", "{E0693449-6AB4-0116-390E-840A0A9C42F0}"
EndProject
Project("{FAE04EC0-301F-11D3-BF4B-00C04F79EFBC}") = "Unity.2D.SpriteShape.Runtime", "Unity.2D.SpriteShape.Runtime.Player.csproj", "{71E76419-40B5-8131-182B-40B424BECF73}"
EndProject
Project("{FAE04EC0-301F-11D3-BF4B-00C04F79EFBC}") = "Unity.2D.PixelPerfect", "Unity.2D.PixelPerfect.Player.csproj", "{5729E829-5122-AB3C-B715-AA988438A059}"
EndProject
Project("{FAE04EC0-301F-11D3-BF4B-00C04F79EFBC}") = "Unity.2D.Common.Runtime", "Unity.2D.Common.Runtime.Player.csproj", "{F7AD9822-BE25-41FE-0A36-F81D5B957759}"
EndProject
Project("{FAE04EC0-301F-11D3-BF4B-00C04F79EFBC}") = "Unity.InternalAPIEngineBridge.001", "Unity.InternalAPIEngineBridge.001.Player.csproj", "{1CFDD3B9-B1C5-14A3-74D9-E225BD67352C}"
EndProject
Global
	GlobalSection(SolutionConfigurationPlatforms) = preSolution
		Debug|Any CPU = Debug|Any CPU
		Release|Any CPU = Release|Any CPU
	EndGlobalSection
	GlobalSection(ProjectConfigurationPlatforms) = postSolution
		{F12145A1-ED30-761A-F9DB-73AC73E84DE0}.Debug|Any CPU.ActiveCfg = Debug|Any CPU
		{F12145A1-ED30-761A-F9DB-73AC73E84DE0}.Debug|Any CPU.Build.0 = Debug|Any CPU
		{F12145A1-ED30-761A-F9DB-73AC73E84DE0}.Release|Any CPU.ActiveCfg = Release|Any CPU
		{F12145A1-ED30-761A-F9DB-73AC73E84DE0}.Release|Any CPU.Build.0 = Release|Any CPU
		{3A3D0880-2B98-BAB3-FA02-9B82C5BF5485}.Debug|Any CPU.ActiveCfg = Debug|Any CPU
		{3A3D0880-2B98-BAB3-FA02-9B82C5BF5485}.Debug|Any CPU.Build.0 = Debug|Any CPU
		{3A3D0880-2B98-BAB3-FA02-9B82C5BF5485}.Release|Any CPU.ActiveCfg = Release|Any CPU
		{3A3D0880-2B98-BAB3-FA02-9B82C5BF5485}.Release|Any CPU.Build.0 = Release|Any CPU
		{7113DB4A-0703-C0B3-22B1-72DC4C50AC03}.Debug|Any CPU.ActiveCfg = Debug|Any CPU
		{7113DB4A-0703-C0B3-22B1-72DC4C50AC03}.Debug|Any CPU.Build.0 = Debug|Any CPU
		{7113DB4A-0703-C0B3-22B1-72DC4C50AC03}.Release|Any CPU.ActiveCfg = Release|Any CPU
		{7113DB4A-0703-C0B3-22B1-72DC4C50AC03}.Release|Any CPU.Build.0 = Release|Any CPU
		{48A5A0F7-DFC8-2E36-73C6-A1CD6EAFE2AD}.Debug|Any CPU.ActiveCfg = Debug|Any CPU
		{48A5A0F7-DFC8-2E36-73C6-A1CD6EAFE2AD}.Debug|Any CPU.Build.0 = Debug|Any CPU
		{48A5A0F7-DFC8-2E36-73C6-A1CD6EAFE2AD}.Release|Any CPU.ActiveCfg = Release|Any CPU
		{48A5A0F7-DFC8-2E36-73C6-A1CD6EAFE2AD}.Release|Any CPU.Build.0 = Release|Any CPU
		{418829C5-E263-EC90-00A9-68627B8BF746}.Debug|Any CPU.ActiveCfg = Debug|Any CPU
		{418829C5-E263-EC90-00A9-68627B8BF746}.Debug|Any CPU.Build.0 = Debug|Any CPU
		{418829C5-E263-EC90-00A9-68627B8BF746}.Release|Any CPU.ActiveCfg = Release|Any CPU
		{418829C5-E263-EC90-00A9-68627B8BF746}.Release|Any CPU.Build.0 = Release|Any CPU
		{ECCE6BF1-DB31-AE3A-4373-01B15ED9E2AA}.Debug|Any CPU.ActiveCfg = Debug|Any CPU
		{ECCE6BF1-DB31-AE3A-4373-01B15ED9E2AA}.Debug|Any CPU.Build.0 = Debug|Any CPU
		{ECCE6BF1-DB31-AE3A-4373-01B15ED9E2AA}.Release|Any CPU.ActiveCfg = Release|Any CPU
		{ECCE6BF1-DB31-AE3A-4373-01B15ED9E2AA}.Release|Any CPU.Build.0 = Release|Any CPU
		{C5D08A21-DC31-6C4C-9FDF-E728D341874E}.Debug|Any CPU.ActiveCfg = Debug|Any CPU
		{C5D08A21-DC31-6C4C-9FDF-E728D341874E}.Debug|Any CPU.Build.0 = Debug|Any CPU
		{C5D08A21-DC31-6C4C-9FDF-E728D341874E}.Release|Any CPU.ActiveCfg = Release|Any CPU
		{C5D08A21-DC31-6C4C-9FDF-E728D341874E}.Release|Any CPU.Build.0 = Release|Any CPU
		{85D05731-1906-51A7-3B34-4E81150757A0}.Debug|Any CPU.ActiveCfg = Debug|Any CPU
		{85D05731-1906-51A7-3B34-4E81150757A0}.Debug|Any CPU.Build.0 = Debug|Any CPU
		{85D05731-1906-51A7-3B34-4E81150757A0}.Release|Any CPU.ActiveCfg = Release|Any CPU
		{85D05731-1906-51A7-3B34-4E81150757A0}.Release|Any CPU.Build.0 = Release|Any CPU
		{2123C73D-DE15-6192-DB3E-39D35D39120C}.Debug|Any CPU.ActiveCfg = Debug|Any CPU
		{2123C73D-DE15-6192-DB3E-39D35D39120C}.Debug|Any CPU.Build.0 = Debug|Any CPU
		{2123C73D-DE15-6192-DB3E-39D35D39120C}.Release|Any CPU.ActiveCfg = Release|Any CPU
		{2123C73D-DE15-6192-DB3E-39D35D39120C}.Release|Any CPU.Build.0 = Release|Any CPU
		{CA3B5E19-3EC7-42AE-E5A4-3586F847995C}.Debug|Any CPU.ActiveCfg = Debug|Any CPU
		{CA3B5E19-3EC7-42AE-E5A4-3586F847995C}.Debug|Any CPU.Build.0 = Debug|Any CPU
		{CA3B5E19-3EC7-42AE-E5A4-3586F847995C}.Release|Any CPU.ActiveCfg = Release|Any CPU
		{CA3B5E19-3EC7-42AE-E5A4-3586F847995C}.Release|Any CPU.Build.0 = Release|Any CPU
		{3A60C716-DD92-0156-67CF-75E1B693B975}.Debug|Any CPU.ActiveCfg = Debug|Any CPU
		{3A60C716-DD92-0156-67CF-75E1B693B975}.Debug|Any CPU.Build.0 = Debug|Any CPU
		{3A60C716-DD92-0156-67CF-75E1B693B975}.Release|Any CPU.ActiveCfg = Release|Any CPU
		{3A60C716-DD92-0156-67CF-75E1B693B975}.Release|Any CPU.Build.0 = Release|Any CPU
		{47C684D8-C1E3-6635-67EC-6FF2604EAF68}.Debug|Any CPU.ActiveCfg = Debug|Any CPU
		{47C684D8-C1E3-6635-67EC-6FF2604EAF68}.Debug|Any CPU.Build.0 = Debug|Any CPU
		{47C684D8-C1E3-6635-67EC-6FF2604EAF68}.Release|Any CPU.ActiveCfg = Release|Any CPU
		{47C684D8-C1E3-6635-67EC-6FF2604EAF68}.Release|Any CPU.Build.0 = Release|Any CPU
		{CCCDCFD9-2F7C-53A3-3EDA-4CDCA0C249F5}.Debug|Any CPU.ActiveCfg = Debug|Any CPU
		{CCCDCFD9-2F7C-53A3-3EDA-4CDCA0C249F5}.Debug|Any CPU.Build.0 = Debug|Any CPU
		{CCCDCFD9-2F7C-53A3-3EDA-4CDCA0C249F5}.Release|Any CPU.ActiveCfg = Release|Any CPU
		{CCCDCFD9-2F7C-53A3-3EDA-4CDCA0C249F5}.Release|Any CPU.Build.0 = Release|Any CPU
		{02C3F95A-35F9-5E2B-C328-8F9663C909A0}.Debug|Any CPU.ActiveCfg = Debug|Any CPU
		{02C3F95A-35F9-5E2B-C328-8F9663C909A0}.Debug|Any CPU.Build.0 = Debug|Any CPU
		{02C3F95A-35F9-5E2B-C328-8F9663C909A0}.Release|Any CPU.ActiveCfg = Release|Any CPU
		{02C3F95A-35F9-5E2B-C328-8F9663C909A0}.Release|Any CPU.Build.0 = Release|Any CPU
		{9FD28FD2-3A04-214C-0E4E-5B1462AF44D9}.Debug|Any CPU.ActiveCfg = Debug|Any CPU
		{9FD28FD2-3A04-214C-0E4E-5B1462AF44D9}.Debug|Any CPU.Build.0 = Debug|Any CPU
		{9FD28FD2-3A04-214C-0E4E-5B1462AF44D9}.Release|Any CPU.ActiveCfg = Release|Any CPU
		{9FD28FD2-3A04-214C-0E4E-5B1462AF44D9}.Release|Any CPU.Build.0 = Release|Any CPU
		{A12AD423-210E-B81C-2844-3F2BF93F7861}.Debug|Any CPU.ActiveCfg = Debug|Any CPU
		{A12AD423-210E-B81C-2844-3F2BF93F7861}.Debug|Any CPU.Build.0 = Debug|Any CPU
		{A12AD423-210E-B81C-2844-3F2BF93F7861}.Release|Any CPU.ActiveCfg = Release|Any CPU
		{A12AD423-210E-B81C-2844-3F2BF93F7861}.Release|Any CPU.Build.0 = Release|Any CPU
		{C6775821-01F7-BB7D-9EBB-3056C4A88BB6}.Debug|Any CPU.ActiveCfg = Debug|Any CPU
		{C6775821-01F7-BB7D-9EBB-3056C4A88BB6}.Debug|Any CPU.Build.0 = Debug|Any CPU
		{C6775821-01F7-BB7D-9EBB-3056C4A88BB6}.Release|Any CPU.ActiveCfg = Release|Any CPU
		{C6775821-01F7-BB7D-9EBB-3056C4A88BB6}.Release|Any CPU.Build.0 = Release|Any CPU
		{D014E573-C48A-4643-6943-B1EB9241A8A7}.Debug|Any CPU.ActiveCfg = Debug|Any CPU
		{D014E573-C48A-4643-6943-B1EB9241A8A7}.Debug|Any CPU.Build.0 = Debug|Any CPU
		{D014E573-C48A-4643-6943-B1EB9241A8A7}.Release|Any CPU.ActiveCfg = Release|Any CPU
		{D014E573-C48A-4643-6943-B1EB9241A8A7}.Release|Any CPU.Build.0 = Release|Any CPU
		{E0A26E8A-166B-7F64-9203-B80D92D6739E}.Debug|Any CPU.ActiveCfg = Debug|Any CPU
		{E0A26E8A-166B-7F64-9203-B80D92D6739E}.Debug|Any CPU.Build.0 = Debug|Any CPU
		{E0A26E8A-166B-7F64-9203-B80D92D6739E}.Release|Any CPU.ActiveCfg = Release|Any CPU
		{E0A26E8A-166B-7F64-9203-B80D92D6739E}.Release|Any CPU.Build.0 = Release|Any CPU
		{F470BC00-C8B1-18B7-127E-32D46DEDC275}.Debug|Any CPU.ActiveCfg = Debug|Any CPU
		{F470BC00-C8B1-18B7-127E-32D46DEDC275}.Debug|Any CPU.Build.0 = Debug|Any CPU
		{F470BC00-C8B1-18B7-127E-32D46DEDC275}.Release|Any CPU.ActiveCfg = Release|Any CPU
		{F470BC00-C8B1-18B7-127E-32D46DEDC275}.Release|Any CPU.Build.0 = Release|Any CPU
		{94D14999-8582-FB03-7B97-DA893D6956E2}.Debug|Any CPU.ActiveCfg = Debug|Any CPU
		{94D14999-8582-FB03-7B97-DA893D6956E2}.Debug|Any CPU.Build.0 = Debug|Any CPU
		{94D14999-8582-FB03-7B97-DA893D6956E2}.Release|Any CPU.ActiveCfg = Release|Any CPU
		{94D14999-8582-FB03-7B97-DA893D6956E2}.Release|Any CPU.Build.0 = Release|Any CPU
		{CB39B65E-A95F-35CD-F881-C11B3F242C40}.Debug|Any CPU.ActiveCfg = Debug|Any CPU
		{CB39B65E-A95F-35CD-F881-C11B3F242C40}.Debug|Any CPU.Build.0 = Debug|Any CPU
		{CB39B65E-A95F-35CD-F881-C11B3F242C40}.Release|Any CPU.ActiveCfg = Release|Any CPU
		{CB39B65E-A95F-35CD-F881-C11B3F242C40}.Release|Any CPU.Build.0 = Release|Any CPU
		{A942B9CD-778D-1630-FF34-B13538C67949}.Debug|Any CPU.ActiveCfg = Debug|Any CPU
		{A942B9CD-778D-1630-FF34-B13538C67949}.Debug|Any CPU.Build.0 = Debug|Any CPU
		{A942B9CD-778D-1630-FF34-B13538C67949}.Release|Any CPU.ActiveCfg = Release|Any CPU
		{A942B9CD-778D-1630-FF34-B13538C67949}.Release|Any CPU.Build.0 = Release|Any CPU
		{9814A6CA-C25F-90EA-4039-457428C6E362}.Debug|Any CPU.ActiveCfg = Debug|Any CPU
		{9814A6CA-C25F-90EA-4039-457428C6E362}.Debug|Any CPU.Build.0 = Debug|Any CPU
		{9814A6CA-C25F-90EA-4039-457428C6E362}.Release|Any CPU.ActiveCfg = Release|Any CPU
		{9814A6CA-C25F-90EA-4039-457428C6E362}.Release|Any CPU.Build.0 = Release|Any CPU
		{F5EE28B6-E213-BE91-925B-A18F950B4485}.Debug|Any CPU.ActiveCfg = Debug|Any CPU
		{F5EE28B6-E213-BE91-925B-A18F950B4485}.Debug|Any CPU.Build.0 = Debug|Any CPU
		{F5EE28B6-E213-BE91-925B-A18F950B4485}.Release|Any CPU.ActiveCfg = Release|Any CPU
		{F5EE28B6-E213-BE91-925B-A18F950B4485}.Release|Any CPU.Build.0 = Release|Any CPU
		{FB435692-F6F1-C756-1A13-38F8437AB801}.Debug|Any CPU.ActiveCfg = Debug|Any CPU
		{FB435692-F6F1-C756-1A13-38F8437AB801}.Debug|Any CPU.Build.0 = Debug|Any CPU
		{FB435692-F6F1-C756-1A13-38F8437AB801}.Release|Any CPU.ActiveCfg = Release|Any CPU
		{FB435692-F6F1-C756-1A13-38F8437AB801}.Release|Any CPU.Build.0 = Release|Any CPU
		{3AB9E46D-718B-24A0-6E89-0F35ABD35E36}.Debug|Any CPU.ActiveCfg = Debug|Any CPU
		{3AB9E46D-718B-24A0-6E89-0F35ABD35E36}.Debug|Any CPU.Build.0 = Debug|Any CPU
		{3AB9E46D-718B-24A0-6E89-0F35ABD35E36}.Release|Any CPU.ActiveCfg = Release|Any CPU
		{3AB9E46D-718B-24A0-6E89-0F35ABD35E36}.Release|Any CPU.Build.0 = Release|Any CPU
		{A15D257C-E4B2-E239-1566-19D3FC1DFA77}.Debug|Any CPU.ActiveCfg = Debug|Any CPU
		{A15D257C-E4B2-E239-1566-19D3FC1DFA77}.Debug|Any CPU.Build.0 = Debug|Any CPU
		{A15D257C-E4B2-E239-1566-19D3FC1DFA77}.Release|Any CPU.ActiveCfg = Release|Any CPU
		{A15D257C-E4B2-E239-1566-19D3FC1DFA77}.Release|Any CPU.Build.0 = Release|Any CPU
		{0F7CA5FC-31E7-B9A6-204E-814884084165}.Debug|Any CPU.ActiveCfg = Debug|Any CPU
		{0F7CA5FC-31E7-B9A6-204E-814884084165}.Debug|Any CPU.Build.0 = Debug|Any CPU
		{0F7CA5FC-31E7-B9A6-204E-814884084165}.Release|Any CPU.ActiveCfg = Release|Any CPU
		{0F7CA5FC-31E7-B9A6-204E-814884084165}.Release|Any CPU.Build.0 = Release|Any CPU
		{FA513E5A-9A6B-2BE6-B520-036693FAF53B}.Debug|Any CPU.ActiveCfg = Debug|Any CPU
		{FA513E5A-9A6B-2BE6-B520-036693FAF53B}.Debug|Any CPU.Build.0 = Debug|Any CPU
		{FA513E5A-9A6B-2BE6-B520-036693FAF53B}.Release|Any CPU.ActiveCfg = Release|Any CPU
		{FA513E5A-9A6B-2BE6-B520-036693FAF53B}.Release|Any CPU.Build.0 = Release|Any CPU
		{39561F99-838B-B92B-8131-C0788F5D7661}.Debug|Any CPU.ActiveCfg = Debug|Any CPU
		{39561F99-838B-B92B-8131-C0788F5D7661}.Debug|Any CPU.Build.0 = Debug|Any CPU
		{39561F99-838B-B92B-8131-C0788F5D7661}.Release|Any CPU.ActiveCfg = Release|Any CPU
		{39561F99-838B-B92B-8131-C0788F5D7661}.Release|Any CPU.Build.0 = Release|Any CPU
		{D24C5545-8F16-B9AF-549A-BDC2D6AA5B38}.Debug|Any CPU.ActiveCfg = Debug|Any CPU
		{D24C5545-8F16-B9AF-549A-BDC2D6AA5B38}.Debug|Any CPU.Build.0 = Debug|Any CPU
		{D24C5545-8F16-B9AF-549A-BDC2D6AA5B38}.Release|Any CPU.ActiveCfg = Release|Any CPU
		{D24C5545-8F16-B9AF-549A-BDC2D6AA5B38}.Release|Any CPU.Build.0 = Release|Any CPU
		{1F40CF7E-DDD4-2213-BF6E-7EBC91BAF6D8}.Debug|Any CPU.ActiveCfg = Debug|Any CPU
		{1F40CF7E-DDD4-2213-BF6E-7EBC91BAF6D8}.Debug|Any CPU.Build.0 = Debug|Any CPU
		{1F40CF7E-DDD4-2213-BF6E-7EBC91BAF6D8}.Release|Any CPU.ActiveCfg = Release|Any CPU
		{1F40CF7E-DDD4-2213-BF6E-7EBC91BAF6D8}.Release|Any CPU.Build.0 = Release|Any CPU
		{AD996DD7-DB72-26C6-CD66-3AB55BA264BA}.Debug|Any CPU.ActiveCfg = Debug|Any CPU
		{AD996DD7-DB72-26C6-CD66-3AB55BA264BA}.Debug|Any CPU.Build.0 = Debug|Any CPU
		{AD996DD7-DB72-26C6-CD66-3AB55BA264BA}.Release|Any CPU.ActiveCfg = Release|Any CPU
		{AD996DD7-DB72-26C6-CD66-3AB55BA264BA}.Release|Any CPU.Build.0 = Release|Any CPU
		{8C304D17-B37F-A539-5B17-4FBE20870FFD}.Debug|Any CPU.ActiveCfg = Debug|Any CPU
		{8C304D17-B37F-A539-5B17-4FBE20870FFD}.Debug|Any CPU.Build.0 = Debug|Any CPU
		{8C304D17-B37F-A539-5B17-4FBE20870FFD}.Release|Any CPU.ActiveCfg = Release|Any CPU
		{8C304D17-B37F-A539-5B17-4FBE20870FFD}.Release|Any CPU.Build.0 = Release|Any CPU
		{BC98AC09-5104-09AC-A1E4-D3150458672E}.Debug|Any CPU.ActiveCfg = Debug|Any CPU
		{BC98AC09-5104-09AC-A1E4-D3150458672E}.Debug|Any CPU.Build.0 = Debug|Any CPU
		{BC98AC09-5104-09AC-A1E4-D3150458672E}.Release|Any CPU.ActiveCfg = Release|Any CPU
		{BC98AC09-5104-09AC-A1E4-D3150458672E}.Release|Any CPU.Build.0 = Release|Any CPU
		{02849E9B-9F84-B219-8FE0-0FDB82D3AA42}.Debug|Any CPU.ActiveCfg = Debug|Any CPU
		{02849E9B-9F84-B219-8FE0-0FDB82D3AA42}.Debug|Any CPU.Build.0 = Debug|Any CPU
		{02849E9B-9F84-B219-8FE0-0FDB82D3AA42}.Release|Any CPU.ActiveCfg = Release|Any CPU
		{02849E9B-9F84-B219-8FE0-0FDB82D3AA42}.Release|Any CPU.Build.0 = Release|Any CPU
		{9F92E5B7-9A40-43CD-BD94-79D5B7518786}.Debug|Any CPU.ActiveCfg = Debug|Any CPU
		{9F92E5B7-9A40-43CD-BD94-79D5B7518786}.Debug|Any CPU.Build.0 = Debug|Any CPU
		{9F92E5B7-9A40-43CD-BD94-79D5B7518786}.Release|Any CPU.ActiveCfg = Release|Any CPU
		{9F92E5B7-9A40-43CD-BD94-79D5B7518786}.Release|Any CPU.Build.0 = Release|Any CPU
		{9F24AB96-EEC6-1596-F3A9-8ED7FD7D440C}.Debug|Any CPU.ActiveCfg = Debug|Any CPU
		{9F24AB96-EEC6-1596-F3A9-8ED7FD7D440C}.Debug|Any CPU.Build.0 = Debug|Any CPU
		{9F24AB96-EEC6-1596-F3A9-8ED7FD7D440C}.Release|Any CPU.ActiveCfg = Release|Any CPU
		{9F24AB96-EEC6-1596-F3A9-8ED7FD7D440C}.Release|Any CPU.Build.0 = Release|Any CPU
		{B789DE1D-1D5C-0C81-EF0D-C1408EF675D8}.Debug|Any CPU.ActiveCfg = Debug|Any CPU
		{B789DE1D-1D5C-0C81-EF0D-C1408EF675D8}.Debug|Any CPU.Build.0 = Debug|Any CPU
		{B789DE1D-1D5C-0C81-EF0D-C1408EF675D8}.Release|Any CPU.ActiveCfg = Release|Any CPU
		{B789DE1D-1D5C-0C81-EF0D-C1408EF675D8}.Release|Any CPU.Build.0 = Release|Any CPU
		{E0693449-6AB4-0116-390E-840A0A9C42F0}.Debug|Any CPU.ActiveCfg = Debug|Any CPU
		{E0693449-6AB4-0116-390E-840A0A9C42F0}.Debug|Any CPU.Build.0 = Debug|Any CPU
		{E0693449-6AB4-0116-390E-840A0A9C42F0}.Release|Any CPU.ActiveCfg = Release|Any CPU
		{E0693449-6AB4-0116-390E-840A0A9C42F0}.Release|Any CPU.Build.0 = Release|Any CPU
		{71E76419-40B5-8131-182B-40B424BECF73}.Debug|Any CPU.ActiveCfg = Debug|Any CPU
		{71E76419-40B5-8131-182B-40B424BECF73}.Debug|Any CPU.Build.0 = Debug|Any CPU
		{71E76419-40B5-8131-182B-40B424BECF73}.Release|Any CPU.ActiveCfg = Release|Any CPU
		{71E76419-40B5-8131-182B-40B424BECF73}.Release|Any CPU.Build.0 = Release|Any CPU
		{5729E829-5122-AB3C-B715-AA988438A059}.Debug|Any CPU.ActiveCfg = Debug|Any CPU
		{5729E829-5122-AB3C-B715-AA988438A059}.Debug|Any CPU.Build.0 = Debug|Any CPU
		{5729E829-5122-AB3C-B715-AA988438A059}.Release|Any CPU.ActiveCfg = Release|Any CPU
		{5729E829-5122-AB3C-B715-AA988438A059}.Release|Any CPU.Build.0 = Release|Any CPU
		{F7AD9822-BE25-41FE-0A36-F81D5B957759}.Debug|Any CPU.ActiveCfg = Debug|Any CPU
		{F7AD9822-BE25-41FE-0A36-F81D5B957759}.Debug|Any CPU.Build.0 = Debug|Any CPU
		{F7AD9822-BE25-41FE-0A36-F81D5B957759}.Release|Any CPU.ActiveCfg = Release|Any CPU
		{F7AD9822-BE25-41FE-0A36-F81D5B957759}.Release|Any CPU.Build.0 = Release|Any CPU
		{1CFDD3B9-B1C5-14A3-74D9-E225BD67352C}.Debug|Any CPU.ActiveCfg = Debug|Any CPU
		{1CFDD3B9-B1C5-14A3-74D9-E225BD67352C}.Debug|Any CPU.Build.0 = Debug|Any CPU
		{1CFDD3B9-B1C5-14A3-74D9-E225BD67352C}.Release|Any CPU.ActiveCfg = Release|Any CPU
		{1CFDD3B9-B1C5-14A3-74D9-E225BD67352C}.Release|Any CPU.Build.0 = Release|Any CPU
	EndGlobalSection
	GlobalSection(SolutionProperties) = preSolution
		HideSolutionNode = FALSE
	EndGlobalSection
EndGlobal
